
Microsoft Visual Studio Solution File, Format Version 12.00
# Visual Studio Version 17
VisualStudioVersion = 17.3.32901.215
MinimumVisualStudioVersion = 10.0.40219.1
Project("{FAE04EC0-301F-11D3-BF4B-00C04F79EFBC}") = "Test Designing", "Test Designing\Test Designing.csproj", "{5968A841-8E4E-45EA-817F-C0D078316BBF}"
EndProject
Global
	GlobalSection(SolutionConfigurationPlatforms) = preSolution
		Debug|Any CPU = Debug|Any CPU
		Release|Any CPU = Release|Any CPU
	EndGlobalSection
	GlobalSection(ProjectConfigurationPlatforms) = postSolution
		{5968A841-8E4E-45EA-817F-C0D078316BBF}.Debug|Any CPU.ActiveCfg = Debug|Any CPU
		{5968A841-8E4E-45EA-817F-C0D078316BBF}.Debug|Any CPU.Build.0 = Debug|Any CPU
		{5968A841-8E4E-45EA-817F-C0D078316BBF}.Release|Any CPU.ActiveCfg = Release|Any CPU
		{5968A841-8E4E-45EA-817F-C0D078316BBF}.Release|Any CPU.Build.0 = Release|Any CPU
	EndGlobalSection
	GlobalSection(SolutionProperties) = preSolution
		HideSolutionNode = FALSE
	EndGlobalSection
	GlobalSection(ExtensibilityGlobals) = postSolution
		SolutionGuid = {AA85C4E7-F231-4E19-8D6B-4C08D0832CC9}
	EndGlobalSection
EndGlobal
